
Microsoft Visual Studio Solution File, Format Version 12.00
# Visual Studio Version 17
VisualStudioVersion = 17.2.32602.215
MinimumVisualStudioVersion = 10.0.40219.1
Project("{9A19103F-16F7-4668-BE54-9A1E7A4F7556}") = "OTOPARK OTOMASYONU06", "OTOPARK OTOMASYONU06\OTOPARK OTOMASYONU06.csproj", "{617D9A0E-AE4F-4F20-958C-72523BC7DC0F}"
EndProject
Project("{2150E333-8FDC-42A3-9474-1A3956D46DE8}") = "Çözüm Öğeleri", "Çözüm Öğeleri", "{DFB3A9CA-49E2-47F1-8047-B196CA2737E6}"
	ProjectSection(SolutionItems) = preProject
		abonman.json = abonman.json
		arac.json = arac.json
		entry-end.json = entry-end.json
		yeni kayıtlar.json = yeni kayıtlar.json
	EndProjectSection
EndProject
Global
	GlobalSection(SolutionConfigurationPlatforms) = preSolution
		Debug|Any CPU = Debug|Any CPU
		Release|Any CPU = Release|Any CPU
	EndGlobalSection
	GlobalSection(ProjectConfigurationPlatforms) = postSolution
		{617D9A0E-AE4F-4F20-958C-72523BC7DC0F}.Debug|Any CPU.ActiveCfg = Debug|Any CPU
		{617D9A0E-AE4F-4F20-958C-72523BC7DC0F}.Debug|Any CPU.Build.0 = Debug|Any CPU
		{617D9A0E-AE4F-4F20-958C-72523BC7DC0F}.Release|Any CPU.ActiveCfg = Release|Any CPU
		{617D9A0E-AE4F-4F20-958C-72523BC7DC0F}.Release|Any CPU.Build.0 = Release|Any CPU
	EndGlobalSection
	GlobalSection(SolutionProperties) = preSolution
		HideSolutionNode = FALSE
	EndGlobalSection
	GlobalSection(NestedProjects) = preSolution
		{617D9A0E-AE4F-4F20-958C-72523BC7DC0F} = {DFB3A9CA-49E2-47F1-8047-B196CA2737E6}
	EndGlobalSection
	GlobalSection(ExtensibilityGlobals) = postSolution
		SolutionGuid = {55C704BE-F782-4570-8209-1B04BC7D2448}
	EndGlobalSection
EndGlobal
